{
  "pins" : [
    {
      "identity" : "hotkey",
      "kind" : "remoteSourceControl",
      "location" : "https://github.com/soffes/HotKey",
      "state" : {
        "branch" : "master",
        "revision" : "c13662730cb5bc28de4a799854bbb018a90649bf"
      }
    },
    {
      "identity" : "mathexpression",
      "kind" : "remoteSourceControl",
      "location" : "https://github.com/peredaniel/MathExpression.git",
      "state" : {
        "revision" : "12828f309761061d3842ab016a77977248983a26",
        "version" : "1.2.0"
      }
    }
  ],
  "version" : 2
}
