{
  "pins" : [
    {
      "identity" : "expression",
      "kind" : "remoteSourceControl",
      "location" : "https://github.com/nicklockwood/Expression.git",
      "state" : {
        "revision" : "8fb79f95df29f98565039586fe722323f91ce0c7",
        "version" : "0.13.6"
      }
    },
    {
      "identity" : "keyboardshortcuts",
      "kind" : "remoteSourceControl",
      "location" : "https://github.com/sindresorhus/KeyboardShortcuts",
      "state" : {
        "branch" : "main",
        "revision" : "5e453238c13a42a3448f1effc53c4a7a4cd22c15"
      }
    }
  ],
  "version" : 2
}
